<?xml version="1.0" encoding="utf-8"?>
<Project ToolsVersion="4.0" xmlns="http://schemas.microsoft.com/developer/msbuild/2003">
  <ItemGroup>
    <Filter Include="Source Files">
      <UniqueIdentifier>{4FC737F1-C7A5-4376-A066-2A32D752A2FF}</UniqueIdentifier>
      <Extensions>cpp;c;cc;cxx;def;odl;idl;hpj;bat;asm;asmx</Extensions>
    </Filter>
    <Filter Include="Header Files">
      <UniqueIdentifier>{93995380-89BD-4b04-88EB-625FBE52EBFB}</UniqueIdentifier>
      <Extensions>h;hpp;hxx;hm;inl;inc;xsd</Extensions>
    </Filter>
    <Filter Include="Resource Files">
      <UniqueIdentifier>{67DA6AB6-F800-4c08-8B7A-83BB121AAD01}</UniqueIdentifier>
      <Extensions>rc;ico;cur;bmp;dlg;rc2;rct;bin;rgs;gif;jpg;jpeg;jpe;resx;tiff;tif;png;wav;mfcribbon-ms</Extensions>
    </Filter>
    <Filter Include="Source Files\TrayIcon">
      <UniqueIdentifier>{6dba173d-ec69-4e0c-80c9-38381a7985b3}</UniqueIdentifier>
    </Filter>
  </ItemGroup>
  <ItemGroup>
    <None Include="ReadMe.txt" />
    <None Include="res\MyDlg.rc2">
      <Filter>Resource Files</Filter>
    </None>
    <None Include="res\MyDlg.ico">
      <Filter>Resource Files</Filter>
    </None>
    <None Include="..\img\main-normal.png">
      <Filter>Resource Files</Filter>
    </None>
    <None Include="..\img\main-disable.png">
      <Filter>Resource Files</Filter>
    </None>
    <None Include="..\img\main-hit.png">
      <Filter>Resource Files</Filter>
    </None>
    <None Include="..\img\main-hover.png">
      <Filter>Resource Files</Filter>
    </None>
    <None Include="res\checkBox-14x14.png">
      <Filter>Resource Files</Filter>
    </None>
    <None Include="res\main-normal.png">
      <Filter>Resource Files</Filter>
    </None>
    <None Include="res\main-disable.png">
      <Filter>Resource Files</Filter>
    </None>
    <None Include="res\main-hit.png">
      <Filter>Resource Files</Filter>
    </None>
    <None Include="res\main-hover.png">
      <Filter>Resource Files</Filter>
    </None>
    <None Include="res\sys1.bin">
      <Filter>Resource Files</Filter>
    </None>
    <None Include="res\sys2.bin">
      <Filter>Resource Files</Filter>
    </None>
  </ItemGroup>
  <ItemGroup>
    <ClInclude Include="MyDlg.h">
      <Filter>Header Files</Filter>
    </ClInclude>
    <ClInclude Include="MyDlgDlg.h">
      <Filter>Header Files</Filter>
    </ClInclude>
    <ClInclude Include="stdafx.h">
      <Filter>Header Files</Filter>
    </ClInclude>
    <ClInclude Include="targetver.h">
      <Filter>Header Files</Filter>
    </ClInclude>
    <ClInclude Include="Resource.h">
      <Filter>Header Files</Filter>
    </ClInclude>
    <ClInclude Include="minitray\DMTrayIcon.h">
      <Filter>Source Files\TrayIcon</Filter>
    </ClInclude>
    <ClInclude Include="ProcessWatchThread.h">
      <Filter>Header Files</Filter>
    </ClInclude>
    <ClInclude Include="WaitForObjectsThread.h">
      <Filter>Header Files</Filter>
    </ClInclude>
    <ClInclude Include="Thread.h">
      <Filter>Header Files</Filter>
    </ClInclude>
    <ClInclude Include="Dlg_BaseSet.h">
      <Filter>Header Files</Filter>
    </ClInclude>
  </ItemGroup>
  <ItemGroup>
    <ClCompile Include="MyDlg.cpp">
      <Filter>Source Files</Filter>
    </ClCompile>
    <ClCompile Include="MyDlgDlg.cpp">
      <Filter>Source Files</Filter>
    </ClCompile>
    <ClCompile Include="stdafx.cpp">
      <Filter>Source Files</Filter>
    </ClCompile>
    <ClCompile Include="minitray\DMTrayIcon.cpp">
      <Filter>Source Files\TrayIcon</Filter>
    </ClCompile>
    <ClCompile Include="ProcessWatchThread.cpp">
      <Filter>Source Files</Filter>
    </ClCompile>
    <ClCompile Include="WaitForObjectsThread.cpp">
      <Filter>Source Files</Filter>
    </ClCompile>
    <ClCompile Include="Dlg_BaseSet.cpp">
      <Filter>Source Files</Filter>
    </ClCompile>
  </ItemGroup>
  <ItemGroup>
    <ResourceCompile Include="MyDlg.rc">
      <Filter>Resource Files</Filter>
    </ResourceCompile>
  </ItemGroup>
</Project>